
Microsoft Visual Studio Solution File, Format Version 12.00
# Visual Studio Version 17
VisualStudioVersion = 17.9.34622.214
MinimumVisualStudioVersion = 10.0.40219.1
Project("{9A19103F-16F7-4668-BE54-9A1E7A4F7556}") = "Iron-Software-C-Coding-Challenge", "Iron-Software-C-Coding-Challenge.csproj", "{797F8352-9A57-4BE3-856C-66A068C558F7}"
EndProject
Global
	GlobalSection(SolutionConfigurationPlatforms) = preSolution
		Debug|Any CPU = Debug|Any CPU
		Release|Any CPU = Release|Any CPU
	EndGlobalSection
	GlobalSection(ProjectConfigurationPlatforms) = postSolution
		{797F8352-9A57-4BE3-856C-66A068C558F7}.Debug|Any CPU.ActiveCfg = Debug|Any CPU
		{797F8352-9A57-4BE3-856C-66A068C558F7}.Debug|Any CPU.Build.0 = Debug|Any CPU
		{797F8352-9A57-4BE3-856C-66A068C558F7}.Release|Any CPU.ActiveCfg = Release|Any CPU
		{797F8352-9A57-4BE3-856C-66A068C558F7}.Release|Any CPU.Build.0 = Release|Any CPU
	EndGlobalSection
	GlobalSection(SolutionProperties) = preSolution
		HideSolutionNode = FALSE
	EndGlobalSection
	GlobalSection(ExtensibilityGlobals) = postSolution
		SolutionGuid = {E9762722-5758-45A0-A817-DF84C9CF3E7A}
	EndGlobalSection
EndGlobal
